
Microsoft Visual Studio Solution File, Format Version 12.00
# Visual Studio Version 16
VisualStudioVersion = 16.0.30907.101
MinimumVisualStudioVersion = 10.0.40219.1
Project("{9A19103F-16F7-4668-BE54-9A1E7A4F7556}") = "Saiive.Notification.Telegram", "Saiive.Notification.Telegram\Saiive.Notification.Telegram.csproj", "{85D8AFE2-4921-4197-BD90-A0125612C72A}"
EndProject
Project("{9A19103F-16F7-4668-BE54-9A1E7A4F7556}") = "Saiive.Notification.Check", "Saiive.Notification.Check\Saiive.Notification.Check.csproj", "{1D2F3EB1-F21F-4B88-927A-41A15AA79782}"
EndProject
Project("{9A19103F-16F7-4668-BE54-9A1E7A4F7556}") = "Saiive.Notification.Check.Abstractions", "Saiive.Notification.Check.Abstractions\Saiive.Notification.Check.Abstractions.csproj", "{ADF67EA1-D4CB-46DA-A6F7-D7449930D969}"
EndProject
Project("{9A19103F-16F7-4668-BE54-9A1E7A4F7556}") = "Saiive.Notification.Abstractions", "Saiive.Notification.Abstractions\Saiive.Notification.Abstractions.csproj", "{250F605E-E11C-42E0-89BE-22BA8C113C9F}"
EndProject
Project("{9A19103F-16F7-4668-BE54-9A1E7A4F7556}") = "Saiive.SuperNode.Client", "Saiive.SuperNode.Client\Saiive.SuperNode.Client.csproj", "{90AAF4B4-312F-48AD-AE12-A10A2E50777F}"
EndProject
Project("{9A19103F-16F7-4668-BE54-9A1E7A4F7556}") = "Saiive.Notification.Function", "Saiive.Notification.Function\Saiive.Notification.Function.csproj", "{33731629-A0CC-4EC5-A4E2-85CC588D7599}"
EndProject
Project("{9A19103F-16F7-4668-BE54-9A1E7A4F7556}") = "Saiive.Notification.Messenger", "Saiive.Notification.Messenger\Saiive.Notification.Messenger.csproj", "{E5320765-221D-47F9-A31B-F0A46BC359C6}"
EndProject
Project("{2150E333-8FDC-42A3-9474-1A3956D46DE8}") = "00 App", "00 App", "{8170EB74-F14C-41D1-B6BF-56EF791FAFAC}"
EndProject
Project("{2150E333-8FDC-42A3-9474-1A3956D46DE8}") = "01 Core", "01 Core", "{5D0DD567-5472-4208-9DA0-613BD305A25A}"
EndProject
Project("{FAE04EC0-301F-11D3-BF4B-00C04F79EFBC}") = "Saiive.Notifications.Messenger.Core", "Saiive.Notifications.Messenger.Core\Saiive.Notifications.Messenger.Core.csproj", "{60E4732F-184C-43A9-8A2B-AC869ACDB250}"
EndProject
Project("{FAE04EC0-301F-11D3-BF4B-00C04F79EFBC}") = "Saiive.Notification.Mail", "Saiive.Notification.Mail\Saiive.Notification.Mail.csproj", "{602546E0-7BEC-475D-A65C-3D5065FF3953}"
EndProject
Project("{2150E333-8FDC-42A3-9474-1A3956D46DE8}") = "02 Messenger", "02 Messenger", "{16CD4E95-4988-4F6F-BD49-79C91FF38ED2}"
EndProject
Project("{2150E333-8FDC-42A3-9474-1A3956D46DE8}") = "03 Checker", "03 Checker", "{BEA13400-5A9C-40CF-A157-55203F4168ED}"
EndProject
Project("{FAE04EC0-301F-11D3-BF4B-00C04F79EFBC}") = "Saiive.Notification.Twitter", "Saiive.Notification.Twitter\Saiive.Notification.Twitter.csproj", "{D049D331-C74F-48BE-B1F7-7159DB4A9FD5}"
EndProject
Global
	GlobalSection(SolutionConfigurationPlatforms) = preSolution
		Debug|Any CPU = Debug|Any CPU
		Release|Any CPU = Release|Any CPU
	EndGlobalSection
	GlobalSection(ProjectConfigurationPlatforms) = postSolution
		{85D8AFE2-4921-4197-BD90-A0125612C72A}.Debug|Any CPU.ActiveCfg = Debug|Any CPU
		{85D8AFE2-4921-4197-BD90-A0125612C72A}.Debug|Any CPU.Build.0 = Debug|Any CPU
		{85D8AFE2-4921-4197-BD90-A0125612C72A}.Release|Any CPU.ActiveCfg = Release|Any CPU
		{85D8AFE2-4921-4197-BD90-A0125612C72A}.Release|Any CPU.Build.0 = Release|Any CPU
		{1D2F3EB1-F21F-4B88-927A-41A15AA79782}.Debug|Any CPU.ActiveCfg = Debug|Any CPU
		{1D2F3EB1-F21F-4B88-927A-41A15AA79782}.Debug|Any CPU.Build.0 = Debug|Any CPU
		{1D2F3EB1-F21F-4B88-927A-41A15AA79782}.Release|Any CPU.ActiveCfg = Release|Any CPU
		{1D2F3EB1-F21F-4B88-927A-41A15AA79782}.Release|Any CPU.Build.0 = Release|Any CPU
		{ADF67EA1-D4CB-46DA-A6F7-D7449930D969}.Debug|Any CPU.ActiveCfg = Debug|Any CPU
		{ADF67EA1-D4CB-46DA-A6F7-D7449930D969}.Debug|Any CPU.Build.0 = Debug|Any CPU
		{ADF67EA1-D4CB-46DA-A6F7-D7449930D969}.Release|Any CPU.ActiveCfg = Release|Any CPU
		{ADF67EA1-D4CB-46DA-A6F7-D7449930D969}.Release|Any CPU.Build.0 = Release|Any CPU
		{250F605E-E11C-42E0-89BE-22BA8C113C9F}.Debug|Any CPU.ActiveCfg = Debug|Any CPU
		{250F605E-E11C-42E0-89BE-22BA8C113C9F}.Debug|Any CPU.Build.0 = Debug|Any CPU
		{250F605E-E11C-42E0-89BE-22BA8C113C9F}.Release|Any CPU.ActiveCfg = Release|Any CPU
		{250F605E-E11C-42E0-89BE-22BA8C113C9F}.Release|Any CPU.Build.0 = Release|Any CPU
		{90AAF4B4-312F-48AD-AE12-A10A2E50777F}.Debug|Any CPU.ActiveCfg = Debug|Any CPU
		{90AAF4B4-312F-48AD-AE12-A10A2E50777F}.Debug|Any CPU.Build.0 = Debug|Any CPU
		{90AAF4B4-312F-48AD-AE12-A10A2E50777F}.Release|Any CPU.ActiveCfg = Release|Any CPU
		{90AAF4B4-312F-48AD-AE12-A10A2E50777F}.Release|Any CPU.Build.0 = Release|Any CPU
		{33731629-A0CC-4EC5-A4E2-85CC588D7599}.Debug|Any CPU.ActiveCfg = Debug|Any CPU
		{33731629-A0CC-4EC5-A4E2-85CC588D7599}.Debug|Any CPU.Build.0 = Debug|Any CPU
		{33731629-A0CC-4EC5-A4E2-85CC588D7599}.Release|Any CPU.ActiveCfg = Release|Any CPU
		{33731629-A0CC-4EC5-A4E2-85CC588D7599}.Release|Any CPU.Build.0 = Release|Any CPU
		{E5320765-221D-47F9-A31B-F0A46BC359C6}.Debug|Any CPU.ActiveCfg = Debug|Any CPU
		{E5320765-221D-47F9-A31B-F0A46BC359C6}.Debug|Any CPU.Build.0 = Debug|Any CPU
		{E5320765-221D-47F9-A31B-F0A46BC359C6}.Release|Any CPU.ActiveCfg = Release|Any CPU
		{E5320765-221D-47F9-A31B-F0A46BC359C6}.Release|Any CPU.Build.0 = Release|Any CPU
		{60E4732F-184C-43A9-8A2B-AC869ACDB250}.Debug|Any CPU.ActiveCfg = Debug|Any CPU
		{60E4732F-184C-43A9-8A2B-AC869ACDB250}.Debug|Any CPU.Build.0 = Debug|Any CPU
		{60E4732F-184C-43A9-8A2B-AC869ACDB250}.Release|Any CPU.ActiveCfg = Release|Any CPU
		{60E4732F-184C-43A9-8A2B-AC869ACDB250}.Release|Any CPU.Build.0 = Release|Any CPU
		{602546E0-7BEC-475D-A65C-3D5065FF3953}.Debug|Any CPU.ActiveCfg = Debug|Any CPU
		{602546E0-7BEC-475D-A65C-3D5065FF3953}.Debug|Any CPU.Build.0 = Debug|Any CPU
		{602546E0-7BEC-475D-A65C-3D5065FF3953}.Release|Any CPU.ActiveCfg = Release|Any CPU
		{602546E0-7BEC-475D-A65C-3D5065FF3953}.Release|Any CPU.Build.0 = Release|Any CPU
		{D049D331-C74F-48BE-B1F7-7159DB4A9FD5}.Debug|Any CPU.ActiveCfg = Debug|Any CPU
		{D049D331-C74F-48BE-B1F7-7159DB4A9FD5}.Debug|Any CPU.Build.0 = Debug|Any CPU
		{D049D331-C74F-48BE-B1F7-7159DB4A9FD5}.Release|Any CPU.ActiveCfg = Release|Any CPU
		{D049D331-C74F-48BE-B1F7-7159DB4A9FD5}.Release|Any CPU.Build.0 = Release|Any CPU
	EndGlobalSection
	GlobalSection(SolutionProperties) = preSolution
		HideSolutionNode = FALSE
	EndGlobalSection
	GlobalSection(NestedProjects) = preSolution
		{85D8AFE2-4921-4197-BD90-A0125612C72A} = {16CD4E95-4988-4F6F-BD49-79C91FF38ED2}
		{1D2F3EB1-F21F-4B88-927A-41A15AA79782} = {BEA13400-5A9C-40CF-A157-55203F4168ED}
		{ADF67EA1-D4CB-46DA-A6F7-D7449930D969} = {5D0DD567-5472-4208-9DA0-613BD305A25A}
		{250F605E-E11C-42E0-89BE-22BA8C113C9F} = {5D0DD567-5472-4208-9DA0-613BD305A25A}
		{90AAF4B4-312F-48AD-AE12-A10A2E50777F} = {5D0DD567-5472-4208-9DA0-613BD305A25A}
		{33731629-A0CC-4EC5-A4E2-85CC588D7599} = {8170EB74-F14C-41D1-B6BF-56EF791FAFAC}
		{E5320765-221D-47F9-A31B-F0A46BC359C6} = {8170EB74-F14C-41D1-B6BF-56EF791FAFAC}
		{60E4732F-184C-43A9-8A2B-AC869ACDB250} = {5D0DD567-5472-4208-9DA0-613BD305A25A}
		{602546E0-7BEC-475D-A65C-3D5065FF3953} = {16CD4E95-4988-4F6F-BD49-79C91FF38ED2}
		{D049D331-C74F-48BE-B1F7-7159DB4A9FD5} = {16CD4E95-4988-4F6F-BD49-79C91FF38ED2}
	EndGlobalSection
	GlobalSection(ExtensibilityGlobals) = postSolution
		SolutionGuid = {E97A8183-099C-4629-8E62-A6B74E969582}
	EndGlobalSection
EndGlobal
